
Microsoft Visual Studio Solution File, Format Version 12.00
# Visual Studio Version 16
VisualStudioVersion = 16.0.33423.256
MinimumVisualStudioVersion = 10.0.40219.1
Project("{8BC9CEB8-8B4A-11D0-8D11-00A0C91BC942}") = "Codetest_Baekjoon", "Codetest_Baekjoon\Codetest_Baekjoon.vcxproj", "{E0B4EA56-92FD-46F2-ADDD-A18F93A9ACF1}"
EndProject
Project("{8BC9CEB8-8B4A-11D0-8D11-00A0C91BC942}") = "체스판 다시 칠하기", "체스판 다시 칠하기\체스판 다시 칠하기.vcxproj", "{C841ECE0-CC83-4ADF-9D31-D1BB7B6D461D}"
EndProject
Project("{8BC9CEB8-8B4A-11D0-8D11-00A0C91BC942}") = "-2진수", "-2진수\-2진수.vcxproj", "{E7BEC741-3E51-4FEA-9964-D78B4DA52F97}"
EndProject
Global
	GlobalSection(SolutionConfigurationPlatforms) = preSolution
		Debug|x64 = Debug|x64
		Debug|x86 = Debug|x86
		Release|x64 = Release|x64
		Release|x86 = Release|x86
	EndGlobalSection
	GlobalSection(ProjectConfigurationPlatforms) = postSolution
		{E0B4EA56-92FD-46F2-ADDD-A18F93A9ACF1}.Debug|x64.ActiveCfg = Debug|x64
		{E0B4EA56-92FD-46F2-ADDD-A18F93A9ACF1}.Debug|x64.Build.0 = Debug|x64
		{E0B4EA56-92FD-46F2-ADDD-A18F93A9ACF1}.Debug|x86.ActiveCfg = Debug|Win32
		{E0B4EA56-92FD-46F2-ADDD-A18F93A9ACF1}.Debug|x86.Build.0 = Debug|Win32
		{E0B4EA56-92FD-46F2-ADDD-A18F93A9ACF1}.Release|x64.ActiveCfg = Release|x64
		{E0B4EA56-92FD-46F2-ADDD-A18F93A9ACF1}.Release|x64.Build.0 = Release|x64
		{E0B4EA56-92FD-46F2-ADDD-A18F93A9ACF1}.Release|x86.ActiveCfg = Release|Win32
		{E0B4EA56-92FD-46F2-ADDD-A18F93A9ACF1}.Release|x86.Build.0 = Release|Win32
		{C841ECE0-CC83-4ADF-9D31-D1BB7B6D461D}.Debug|x64.ActiveCfg = Debug|x64
		{C841ECE0-CC83-4ADF-9D31-D1BB7B6D461D}.Debug|x64.Build.0 = Debug|x64
		{C841ECE0-CC83-4ADF-9D31-D1BB7B6D461D}.Debug|x86.ActiveCfg = Debug|Win32
		{C841ECE0-CC83-4ADF-9D31-D1BB7B6D461D}.Debug|x86.Build.0 = Debug|Win32
		{C841ECE0-CC83-4ADF-9D31-D1BB7B6D461D}.Release|x64.ActiveCfg = Release|x64
		{C841ECE0-CC83-4ADF-9D31-D1BB7B6D461D}.Release|x64.Build.0 = Release|x64
		{C841ECE0-CC83-4ADF-9D31-D1BB7B6D461D}.Release|x86.ActiveCfg = Release|Win32
		{C841ECE0-CC83-4ADF-9D31-D1BB7B6D461D}.Release|x86.Build.0 = Release|Win32
		{E7BEC741-3E51-4FEA-9964-D78B4DA52F97}.Debug|x64.ActiveCfg = Debug|x64
		{E7BEC741-3E51-4FEA-9964-D78B4DA52F97}.Debug|x64.Build.0 = Debug|x64
		{E7BEC741-3E51-4FEA-9964-D78B4DA52F97}.Debug|x86.ActiveCfg = Debug|Win32
		{E7BEC741-3E51-4FEA-9964-D78B4DA52F97}.Debug|x86.Build.0 = Debug|Win32
		{E7BEC741-3E51-4FEA-9964-D78B4DA52F97}.Release|x64.ActiveCfg = Release|x64
		{E7BEC741-3E51-4FEA-9964-D78B4DA52F97}.Release|x64.Build.0 = Release|x64
		{E7BEC741-3E51-4FEA-9964-D78B4DA52F97}.Release|x86.ActiveCfg = Release|Win32
		{E7BEC741-3E51-4FEA-9964-D78B4DA52F97}.Release|x86.Build.0 = Release|Win32
	EndGlobalSection
	GlobalSection(SolutionProperties) = preSolution
		HideSolutionNode = FALSE
	EndGlobalSection
	GlobalSection(ExtensibilityGlobals) = postSolution
		SolutionGuid = {61464564-4E33-4C9F-8D13-5213ECBC7BEB}
	EndGlobalSection
EndGlobal
